
Microsoft Visual Studio Solution File, Format Version 12.00
# Visual Studio 14
VisualStudioVersion = 14.0.23107.0
MinimumVisualStudioVersion = 10.0.40219.1
Project("{FAE04EC0-301F-11D3-BF4B-00C04F79EFBC}") = "CATSThumbnailUploader", "CATSThumbnailUploader\CATSThumbnailUploader.csproj", "{6EF9429E-26A7-4CD3-ABFF-0B3EB9F4C6FF}"
EndProject
Global
	GlobalSection(SolutionConfigurationPlatforms) = preSolution
		Debug|Any CPU = Debug|Any CPU
		Release|Any CPU = Release|Any CPU
	EndGlobalSection
	GlobalSection(ProjectConfigurationPlatforms) = postSolution
		{6EF9429E-26A7-4CD3-ABFF-0B3EB9F4C6FF}.Debug|Any CPU.ActiveCfg = Debug|Any CPU
		{6EF9429E-26A7-4CD3-ABFF-0B3EB9F4C6FF}.Debug|Any CPU.Build.0 = Debug|Any CPU
		{6EF9429E-26A7-4CD3-ABFF-0B3EB9F4C6FF}.Release|Any CPU.ActiveCfg = Release|Any CPU
		{6EF9429E-26A7-4CD3-ABFF-0B3EB9F4C6FF}.Release|Any CPU.Build.0 = Release|Any CPU
	EndGlobalSection
	GlobalSection(SolutionProperties) = preSolution
		HideSolutionNode = FALSE
	EndGlobalSection
EndGlobal
